Microsoft Visual Studio Solution File, Format Version 12.00
# Visual Studio Version 17
VisualStudioVersion = 17.0.31903.59
MinimumVisualStudioVersion = 10.0.40219.1
Project("{9A19103F-16F7-4668-BE54-9A1E7A4F7556}") = "DupGuard", "DupGuard.csproj", "{F5B4A8E0-2B4F-4E8E-9F8A-1A2B3C4D5E6F}"
EndProject
Project("{9A19103F-16F7-4668-BE54-9A1E7A4F7556}") = "DupGuard.Tests", "DupGuard.Tests.csproj", "{A1B2C3D4-E5F6-7890-ABCD-EF0123456789}"
EndProject
Project("{9A19103F-16F7-4668-BE54-9A1E7A4F7556}") = "DupGuardConsole", "DupGuardConsole.csproj", "{7D812F0F-4B7A-4B02-8BC7-5B6D9A934DB1}"
EndProject
Global
	GlobalSection(SolutionConfigurationPlatforms) = preSolution
		Debug|Any CPU = Debug|Any CPU
		Release|Any CPU = Release|Any CPU
	EndGlobalSection
	GlobalSection(ProjectConfigurationPlatforms) = postSolution
		{F5B4A8E0-2B4F-4E8E-9F8A-1A2B3C4D5E6F}.Debug|Any CPU.ActiveCfg = Debug|Any CPU
		{F5B4A8E0-2B4F-4E8E-9F8A-1A2B3C4D5E6F}.Debug|Any CPU.Build.0 = Debug|Any CPU
		{F5B4A8E0-2B4F-4E8E-9F8A-1A2B3C4D5E6F}.Release|Any CPU.ActiveCfg = Release|Any CPU
		{F5B4A8E0-2B4F-4E8E-9F8A-1A2B3C4D5E6F}.Release|Any CPU.Build.0 = Release|Any CPU
		{A1B2C3D4-E5F6-7890-ABCD-EF0123456789}.Debug|Any CPU.ActiveCfg = Debug|Any CPU
		{A1B2C3D4-E5F6-7890-ABCD-EF0123456789}.Debug|Any CPU.Build.0 = Debug|Any CPU
		{A1B2C3D4-E5F6-7890-ABCD-EF0123456789}.Release|Any CPU.ActiveCfg = Release|Any CPU
		{A1B2C3D4-E5F6-7890-ABCD-EF0123456789}.Release|Any CPU.Build.0 = Release|Any CPU
		{7D812F0F-4B7A-4B02-8BC7-5B6D9A934DB1}.Debug|Any CPU.ActiveCfg = Debug|Any CPU
		{7D812F0F-4B7A-4B02-8BC7-5B6D9A934DB1}.Debug|Any CPU.Build.0 = Debug|Any CPU
		{7D812F0F-4B7A-4B02-8BC7-5B6D9A934DB1}.Release|Any CPU.ActiveCfg = Release|Any CPU
		{7D812F0F-4B7A-4B02-8BC7-5B6D9A934DB1}.Release|Any CPU.Build.0 = Release|Any CPU
	EndGlobalSection
	GlobalSection(SolutionProperties) = preSolution
		HideSolutionNode = FALSE
	EndGlobalSection
EndGlobal
